
Microsoft Visual Studio Solution File, Format Version 12.00
# Visual Studio Version 17
VisualStudioVersion = 17.1.32210.238
MinimumVisualStudioVersion = 10.0.40219.1
Project("{FAE04EC0-301F-11D3-BF4B-00C04F79EFBC}") = "phasmo", "phasmo\phasmo.csproj", "{8EA6426B-EDB2-4BA4-9A8B-2CED7474325F}"
EndProject
Project("{00D1A9C2-B5F0-4AF3-8072-F6C62B433612}") = "Duchy", "Duchy\Duchy.sqlproj", "{5B6D6E0C-D0CF-47FD-8AF5-58EA0DF5D997}"
EndProject
Global
	GlobalSection(SolutionConfigurationPlatforms) = preSolution
		Debug|Any CPU = Debug|Any CPU
		Release|Any CPU = Release|Any CPU
	EndGlobalSection
	GlobalSection(ProjectConfigurationPlatforms) = postSolution
		{8EA6426B-EDB2-4BA4-9A8B-2CED7474325F}.Debug|Any CPU.ActiveCfg = Debug|Any CPU
		{8EA6426B-EDB2-4BA4-9A8B-2CED7474325F}.Debug|Any CPU.Build.0 = Debug|Any CPU
		{8EA6426B-EDB2-4BA4-9A8B-2CED7474325F}.Release|Any CPU.ActiveCfg = Release|Any CPU
		{8EA6426B-EDB2-4BA4-9A8B-2CED7474325F}.Release|Any CPU.Build.0 = Release|Any CPU
		{5B6D6E0C-D0CF-47FD-8AF5-58EA0DF5D997}.Debug|Any CPU.ActiveCfg = Debug|Any CPU
		{5B6D6E0C-D0CF-47FD-8AF5-58EA0DF5D997}.Debug|Any CPU.Build.0 = Debug|Any CPU
		{5B6D6E0C-D0CF-47FD-8AF5-58EA0DF5D997}.Debug|Any CPU.Deploy.0 = Debug|Any CPU
		{5B6D6E0C-D0CF-47FD-8AF5-58EA0DF5D997}.Release|Any CPU.ActiveCfg = Release|Any CPU
		{5B6D6E0C-D0CF-47FD-8AF5-58EA0DF5D997}.Release|Any CPU.Build.0 = Release|Any CPU
		{5B6D6E0C-D0CF-47FD-8AF5-58EA0DF5D997}.Release|Any CPU.Deploy.0 = Release|Any CPU
	EndGlobalSection
	GlobalSection(SolutionProperties) = preSolution
		HideSolutionNode = FALSE
	EndGlobalSection
	GlobalSection(ExtensibilityGlobals) = postSolution
		SolutionGuid = {7D560150-ADC1-49F1-8F90-9E1F6EDE8A51}
	EndGlobalSection
EndGlobal
